// !$*UTF8*$!
{
	archiveVersion = 1;
	classes = {
	};
	objectVersion = 50;
	objects = {

/* Begin PBXBuildFile section */
		336C8D90224F5FBE00EC0A06 /* AppDelegate.m in Sources */ = {isa = PBXBuildFile; fileRef = 336C8D8F224F5FBE00EC0A06 /* AppDelegate.m */; };
		336C8D93224F5FBE00EC0A06 /* ViewController.m in Sources */ = {isa = PBXBuildFile; fileRef = 336C8D92224F5FBE00EC0A06 /* ViewController.m */; };
		336C8D96224F5FBE00EC0A06 /* Main.storyboard in Resources */ = {isa = PBXBuildFile; fileRef = 336C8D94224F5FBE00EC0A06 /* Main.storyboard */; };
		336C8D98224F5FC000EC0A06 /* Assets.xcassets in Resources */ = {isa = PBXBuildFile; fileRef = 336C8D97224F5FC000EC0A06 /* Assets.xcassets */; };
		336C8D9B224F5FC000EC0A06 /* LaunchScreen.storyboard in Resources */ = {isa = PBXBuildFile; fileRef = 336C8D99224F5FC000EC0A06 /* LaunchScreen.storyboard */; };
		336C8D9E224F5FC000EC0A06 /* main.m in Sources */ = {isa = PBXBuildFile; fileRef = 336C8D9D224F5FC000EC0A06 /* main.m */; };
		A8924C7C69577BE562663EEC /* libPods-PPTestMainProj.a in Frameworks */ = {isa = PBXBuildFile; fileRef = 7433A58D6D65B41C76718B17 /* libPods-PPTestMainProj.a */; };
/* End PBXBuildFile section */

/* Begin PBXFileReference section */
		336C8D8B224F5FBE00EC0A06 /* PPTestMainProj.app */ = {isa = PBXFileReference; explicitFileType = wrapper.application; includeInIndex = 0; path = PPTestMainProj.app; sourceTree = BUILT_PRODUCTS_DIR; };
		336C8D8E224F5FBE00EC0A06 /* AppDelegate.h */ = {isa = PBXFileReference; lastKnownFileType = sourcecode.c.h; path = AppDelegate.h; sourceTree = "<group>"; };
		336C8D8F224F5FBE00EC0A06 /* AppDelegate.m */ = {isa = PBXFileReference; lastKnownFileType = sourcecode.c.objc; path = AppDelegate.m; sourceTree = "<group>"; };
		336C8D91224F5FBE00EC0A06 /* ViewController.h */ = {isa = PBXFileReference; lastKnownFileType = sourcecode.c.h; path = ViewController.h; sourceTree = "<group>"; };
		336C8D92224F5FBE00EC0A06 /* ViewController.m */ = {isa = PBXFileReference; lastKnownFileType = sourcecode.c.objc; path = ViewController.m; sourceTree = "<group>"; };
		336C8D95224F5FBE00EC0A06 /* Base */ = {isa = PBXFileReference; lastKnownFileType = file.storyboard; name = Base; path = Base.lproj/Main.storyboard; sourceTree = "<group>"; };
		336C8D97224F5FC000EC0A06 /* Assets.xcassets */ = {isa = PBXFileReference; lastKnownFileType = folder.assetcatalog; path = Assets.xcassets; sourceTree = "<group>"; };
		336C8D9A224F5FC000EC0A06 /* Base */ = {isa = PBXFileReference; lastKnownFileType = file.storyboard; name = Base; path = Base.lproj/LaunchScreen.storyboard; sourceTree = "<group>"; };
		336C8D9C224F5FC000EC0A06 /* Info.plist */ = {isa = PBXFileReference; lastKnownFileType = text.plist.xml; path = Info.plist; sourceTree = "<group>"; };
		336C8D9D224F5FC000EC0A06 /* main.m */ = {isa = PBXFileReference; lastKnownFileType = sourcecode.c.objc; path = main.m; sourceTree = "<group>"; };
		45D38A7019DE7810360CE1ED /* Pods-PPTestMainProj.debug.xcconfig */ = {isa = PBXFileReference; includeInIndex = 1; lastKnownFileType = text.xcconfig; name = "Pods-PPTestMainProj.debug.xcconfig"; path = "Target Support Files/Pods-PPTestMainProj/Pods-PPTestMainProj.debug.xcconfig"; sourceTree = "<group>"; };
		7433A58D6D65B41C76718B17 /* libPods-PPTestMainProj.a */ = {isa = PBXFileReference; explicitFileType = archive.ar; includeInIndex = 0; path = "libPods-PPTestMainProj.a"; sourceTree = BUILT_PRODUCTS_DIR; };
		945E6EB7E38049F62815D9AB /* Pods-PPTestMainProj.release.xcconfig */ = {isa = PBXFileReference; includeInIndex = 1; lastKnownFileType = text.xcconfig; name = "Pods-PPTestMainProj.release.xcconfig"; path = "Target Support Files/Pods-PPTestMainProj/Pods-PPTestMainProj.release.xcconfig"; sourceTree = "<group>"; };
/* End PBXFileReference section */

/* Begin PBXFrameworksBuildPhase section */
		336C8D88224F5FBE00EC0A06 /* Frameworks */ = {
			isa = PBXFrameworksBuildPhase;
			buildActionMask = 2147483647;
			files = (
				A8924C7C69577BE562663EEC /* libPods-PPTestMainProj.a in Frameworks */,
			);
			runOnlyForDeploymentPostprocessing = 0;
		};
/* End PBXFrameworksBuildPhase section */

/* Begin PBXGroup section */
		2D2A604483D73C92012A8CF4 /* Frameworks */ = {
			isa = PBXGroup;
			children = (
				7433A58D6D65B41C76718B17 /* libPods-PPTestMainProj.a */,
			);
			name = Frameworks;
			sourceTree = "<group>";
		};
		336C8D82224F5FBE00EC0A06 = {
			isa = PBXGroup;
			children = (
				336C8D8D224F5FBE00EC0A06 /* PPTestMainProj */,
				336C8D8C224F5FBE00EC0A06 /* Products */,
				8A045AF17276A6D866E7AB7B /* Pods */,
				2D2A604483D73C92012A8CF4 /* Frameworks */,
			);
			sourceTree = "<group>";
		};
		336C8D8C224F5FBE00EC0A06 /* Products */ = {
			isa = PBXGroup;
			children = (
				336C8D8B224F5FBE00EC0A06 /* PPTestMainProj.app */,
			);
			name = Products;
			sourceTree = "<group>";
		};
		336C8D8D224F5FBE00EC0A06 /* PPTestMainProj */ = {
			isa = PBXGroup;
			children = (
				336C8D8E224F5FBE00EC0A06 /* AppDelegate.h */,
				336C8D8F224F5FBE00EC0A06 /* AppDelegate.m */,
				336C8D91224F5FBE00EC0A06 /* ViewController.h */,
				336C8D92224F5FBE00EC0A06 /* ViewController.m */,
				336C8D94224F5FBE00EC0A06 /* Main.storyboard */,
				336C8D97224F5FC000EC0A06 /* Assets.xcassets */,
				336C8D99224F5FC000EC0A06 /* LaunchScreen.storyboard */,
				336C8D9C224F5FC000EC0A06 /* Info.plist */,
				336C8D9D224F5FC000EC0A06 /* main.m */,
			);
			path = PPTestMainProj;
			sourceTree = "<group>";
		};
		8A045AF17276A6D866E7AB7B /* Pods */ = {
			isa = PBXGroup;
			children = (
				45D38A7019DE7810360CE1ED /* Pods-PPTestMainProj.debug.xcconfig */,
				945E6EB7E38049F62815D9AB /* Pods-PPTestMainProj.release.xcconfig */,
			);
			name = Pods;
			path = Pods;
			sourceTree = "<group>";
		};
/* End PBXGroup section */

/* Begin PBXNativeTarget section */
		336C8D8A224F5FBE00EC0A06 /* PPTestMainProj */ = {
			isa = PBXNativeTarget;
			buildConfigurationList = 336C8DA1224F5FC000EC0A06 /* Build configuration list for PBXNativeTarget "PPTestMainProj" */;
			buildPhases = (
				D6D563BB43973713EDFFE401 /* [CP] Check Pods Manifest.lock */,
				336C8D87224F5FBE00EC0A06 /* Sources */,
				336C8D88224F5FBE00EC0A06 /* Frameworks */,
				336C8D89224F5FBE00EC0A06 /* Resources */,
			);
			buildRules = (
			);
			dependencies = (
			);
			name = PPTestMainProj;
			productName = PPTestMainProj;
			productReference = 336C8D8B224F5FBE00EC0A06 /* PPTestMainProj.app */;
			productType = "com.apple.product-type.application";
		};
/* End PBXNativeTarget section */

/* Begin PBXProject section */
		336C8D83224F5FBE00EC0A06 /* Project object */ = {
			isa = PBXProject;
			attributes = {
				LastUpgradeCheck = 1010;
				ORGANIZATIONNAME = zedxpp;
				TargetAttributes = {
					336C8D8A224F5FBE00EC0A06 = {
						CreatedOnToolsVersion = 10.1;
					};
				};
			};
			buildConfigurationList = 336C8D86224F5FBE00EC0A06 /* Build configuration list for PBXProject "PPTestMainProj" */;
			compatibilityVersion = "Xcode 9.3";
			developmentRegion = en;
			hasScannedForEncodings = 0;
			knownRegions = (
				en,
				Base,
			);
			mainGroup = 336C8D82224F5FBE00EC0A06;
			productRefGroup = 336C8D8C224F5FBE00EC0A06 /* Products */;
			projectDirPath = "";
			projectRoot = "";
			targets = (
				336C8D8A224F5FBE00EC0A06 /* PPTestMainProj */,
			);
		};
/* End PBXProject section */

/* Begin PBXResourcesBuildPhase section */
		336C8D89224F5FBE00EC0A06 /* Resources */ = {
			isa = PBXResourcesBuildPhase;
			buildActionMask = 2147483647;
			files = (
				336C8D9B224F5FC000EC0A06 /* LaunchScreen.storyboard in Resources */,
				336C8D98224F5FC000EC0A06 /* Assets.xcassets in Resources */,
				336C8D96224F5FBE00EC0A06 /* Main.storyboard in Resources */,
			);
			runOnlyForDeploymentPostprocessing = 0;
		};
/* End PBXResourcesBuildPhase section */

/* Begin PBXShellScriptBuildPhase section */
		D6D563BB43973713EDFFE401 /* [CP] Check Pods Manifest.lock */ = {
			isa = PBXShellScriptBuildPhase;
			buildActionMask = 2147483647;
			files = (
			);
			inputFileListPaths = (
			);
			inputPaths = (
				"${PODS_PODFILE_DIR_PATH}/Podfile.lock",
				"${PODS_ROOT}/Manifest.lock",
			);
			name = "[CP] Check Pods Manifest.lock";
			outputFileListPaths = (
			);
			outputPaths = (
				"$(DERIVED_FILE_DIR)/Pods-PPTestMainProj-checkManifestLockResult.txt",
			);
			runOnlyForDeploymentPostprocessing = 0;
			shellPath = /bin/sh;
			shellScript = "diff \"${PODS_PODFILE_DIR_PATH}/Podfile.lock\" \"${PODS_ROOT}/Manifest.lock\" > /dev/null\nif [ $? != 0 ] ; then\n    # print error to STDERR\n    echo \"error: The sandbox is not in sync with the Podfile.lock. Run 'pod install' or update your CocoaPods installation.\" >&2\n    exit 1\nfi\n# This output is used by Xcode 'outputs' to avoid re-running this script phase.\necho \"SUCCESS\" > \"${SCRIPT_OUTPUT_FILE_0}\"\n";
			showEnvVarsInLog = 0;
		};
/* End PBXShellScriptBuildPhase section */

/* Begin PBXSourcesBuildPhase section */
		336C8D87224F5FBE00EC0A06 /* Sources */ = {
			isa = PBXSourcesBuildPhase;
			buildActionMask = 2147483647;
			files = (
				336C8D93224F5FBE00EC0A06 /* ViewController.m in Sources */,
				336C8D9E224F5FC000EC0A06 /* main.m in Sources */,
				336C8D90224F5FBE00EC0A06 /* AppDelegate.m in Sources */,
			);
			runOnlyForDeploymentPostprocessing = 0;
		};
/* End PBXSourcesBuildPhase section */

/* Begin PBXVariantGroup section */
		336C8D94224F5FBE00EC0A06 /* Main.storyboard */ = {
			isa = PBXVariantGroup;
			children = (
				336C8D95224F5FBE00EC0A06 /* Base */,
			);
			name = Main.storyboard;
			sourceTree = "<group>";
		};
		336C8D99224F5FC000EC0A06 /* LaunchScreen.storyboard */ = {
			isa = PBXVariantGroup;
			children = (
				336C8D9A224F5FC000EC0A06 /* Base */,
			);
			name = LaunchScreen.storyboard;
			sourceTree = "<group>";
		};
/* End PBXVariantGroup section */

/* Begin XCBuildConfiguration section */
		336C8D9F224F5FC000EC0A06 /* Debug */ = {
			isa = XCBuildConfiguration;
			buildSettings = {
				ALWAYS_SEARCH_USER_PATHS = NO;
				CLANG_ANALYZER_NONNULL = YES;
				CLANG_ANALYZER_NUMBER_OBJECT_CONVERSION = YES_AGGRESSIVE;
				CLANG_CXX_LANGUAGE_STANDARD = "gnu++14";
				CLANG_CXX_LIBRARY = "libc++";
				CLANG_ENABLE_MODULES = YES;
				CLANG_ENABLE_OBJC_ARC = YES;
				CLANG_ENABLE_OBJC_WEAK = YES;
				CLANG_WARN_BLOCK_CAPTURE_AUTORELEASING = YES;
				CLANG_WARN_BOOL_CONVERSION = YES;
				CLANG_WARN_COMMA = YES;
				CLANG_WARN_CONSTANT_CONVERSION = YES;
				CLANG_WARN_DEPRECATED_OBJC_IMPLEMENTATIONS = YES;
				CLANG_WARN_DIRECT_OBJC_ISA_USAGE = YES_ERROR;
				CLANG_WARN_DOCUMENTATION_COMMENTS = YES;
				CLANG_WARN_EMPTY_BODY = YES;
				CLANG_WARN_ENUM_CONVERSION = YES;
				CLANG_WARN_INFINITE_RECURSION = YES;
				CLANG_WARN_INT_CONVERSION = YES;
				CLANG_WARN_NON_LITERAL_NULL_CONVERSION = YES;
				CLANG_WARN_OBJC_IMPLICIT_RETAIN_SELF = YES;
				CLANG_WARN_OBJC_LITERAL_CONVERSION = YES;
				CLANG_WARN_OBJC_ROOT_CLASS = YES_ERROR;
				CLANG_WARN_RANGE_LOOP_ANALYSIS = YES;
				CLANG_WARN_STRICT_PROTOTYPES = YES;
				CLANG_WARN_SUSPICIOUS_MOVE = YES;
				CLANG_WARN_UNGUARDED_AVAILABILITY = YES_AGGRESSIVE;
				CLANG_WARN_UNREACHABLE_CODE = YES;
				CLANG_WARN__DUPLICATE_METHOD_MATCH = YES;
				CODE_SIGN_IDENTITY = "iPhone Developer";
				COPY_PHASE_STRIP = NO;
				DEBUG_INFORMATION_FORMAT = dwarf;
				ENABLE_STRICT_OBJC_MSGSEND = YES;
				ENABLE_TESTABILITY = YES;
				GCC_C_LANGUAGE_STANDARD = gnu11;
				GCC_DYNAMIC_NO_PIC = NO;
				GCC_NO_COMMON_BLOCKS = YES;
				GCC_OPTIMIZATION_LEVEL = 0;
				GCC_PREPROCESSOR_DEFINITIONS = (
					"DEBUG=1",
					"$(inherited)",
				);
				GCC_WARN_64_TO_32_BIT_CONVERSION = YES;
				GCC_WARN_ABOUT_RETURN_TYPE = YES_ERROR;
				GCC_WARN_UNDECLARED_SELECTOR = YES;
				GCC_WARN_UNINITIALIZED_AUTOS = YES_AGGRESSIVE;
				GCC_WARN_UNUSED_FUNCTION = YES;
				GCC_WARN_UNUSED_VARIABLE = YES;
				IPHONEOS_DEPLOYMENT_TARGET = 12.1;
				MTL_ENABLE_DEBUG_INFO = INCLUDE_SOURCE;
				MTL_FAST_MATH = YES;
				ONLY_ACTIVE_ARCH = YES;
				SDKROOT = iphoneos;
			};
			name = Debug;
		};
		336C8DA0224F5FC000EC0A06 /* Release */ = {
			isa = XCBuildConfiguration;
			buildSettings = {
				ALWAYS_SEARCH_USER_PATHS = NO;
				CLANG_ANALYZER_NONNULL = YES;
				CLANG_ANALYZER_NUMBER_OBJECT_CONVERSION = YES_AGGRESSIVE;
				CLANG_CXX_LANGUAGE_STANDARD = "gnu++14";
				CLANG_CXX_LIBRARY = "libc++";
				CLANG_ENABLE_MODULES = YES;
				CLANG_ENABLE_OBJC_ARC = YES;
				CLANG_ENABLE_OBJC_WEAK = YES;
				CLANG_WARN_BLOCK_CAPTURE_AUTORELEASING = YES;
				CLANG_WARN_BOOL_CONVERSION = YES;
				CLANG_WARN_COMMA = YES;
				CLANG_WARN_CONSTANT_CONVERSION = YES;
				CLANG_WARN_DEPRECATED_OBJC_IMPLEMENTATIONS = YES;
				CLANG_WARN_DIRECT_OBJC_ISA_USAGE = YES_ERROR;
				CLANG_WARN_DOCUMENTATION_COMMENTS = YES;
				CLANG_WARN_EMPTY_BODY = YES;
				CLANG_WARN_ENUM_CONVERSION = YES;
				CLANG_WARN_INFINITE_RECURSION = YES;
				CLANG_WARN_INT_CONVERSION = YES;
				CLANG_WARN_NON_LITERAL_NULL_CONVERSION = YES;
				CLANG_WARN_OBJC_IMPLICIT_RETAIN_SELF = YES;
				CLANG_WARN_OBJC_LITERAL_CONVERSION = YES;
				CLANG_WARN_OBJC_ROOT_CLASS = YES_ERROR;
				CLANG_WARN_RANGE_LOOP_ANALYSIS = YES;
				CLANG_WARN_STRICT_PROTOTYPES = YES;
				CLANG_WARN_SUSPICIOUS_MOVE = YES;
				CLANG_WARN_UNGUARDED_AVAILABILITY = YES_AGGRESSIVE;
				CLANG_WARN_UNREACHABLE_CODE = YES;
				CLANG_WARN__DUPLICATE_METHOD_MATCH = YES;
				CODE_SIGN_IDENTITY = "iPhone Developer";
				COPY_PHASE_STRIP = NO;
				DEBUG_INFORMATION_FORMAT = "dwarf-with-dsym";
				ENABLE_NS_ASSERTIONS = NO;
				ENABLE_STRICT_OBJC_MSGSEND = YES;
				GCC_C_LANGUAGE_STANDARD = gnu11;
				GCC_NO_COMMON_BLOCKS = YES;
				GCC_WARN_64_TO_32_BIT_CONVERSION = YES;
				GCC_WARN_ABOUT_RETURN_TYPE = YES_ERROR;
				GCC_WARN_UNDECLARED_SELECTOR = YES;
				GCC_WARN_UNINITIALIZED_AUTOS = YES_AGGRESSIVE;
				GCC_WARN_UNUSED_FUNCTION = YES;
				GCC_WARN_UNUSED_VARIABLE = YES;
				IPHONEOS_DEPLOYMENT_TARGET = 12.1;
				MTL_ENABLE_DEBUG_INFO = NO;
				MTL_FAST_MATH = YES;
				SDKROOT = iphoneos;
				VALIDATE_PRODUCT = YES;
			};
			name = Release;
		};
		336C8DA2224F5FC000EC0A06 /* Debug */ = {
			isa = XCBuildConfiguration;
			baseConfigurationReference = 45D38A7019DE7810360CE1ED /* Pods-PPTestMainProj.debug.xcconfig */;
			buildSettings = {
				ASSETCATALOG_COMPILER_APPICON_NAME = AppIcon;
				CODE_SIGN_STYLE = Automatic;
				INFOPLIST_FILE = PPTestMainProj/Info.plist;
				LD_RUNPATH_SEARCH_PATHS = (
					"$(inherited)",
					"@executable_path/Frameworks",
				);
				PRODUCT_BUNDLE_IDENTIFIER = com.zedxpp.PPTestMainProj;
				PRODUCT_NAME = "$(TARGET_NAME)";
				TARGETED_DEVICE_FAMILY = "1,2";
			};
			name = Debug;
		};
		336C8DA3224F5FC000EC0A06 /* Release */ = {
			isa = XCBuildConfiguration;
			baseConfigurationReference = 945E6EB7E38049F62815D9AB /* Pods-PPTestMainProj.release.xcconfig */;
			buildSettings = {
				ASSETCATALOG_COMPILER_APPICON_NAME = AppIcon;
				CODE_SIGN_STYLE = Automatic;
				INFOPLIST_FILE = PPTestMainProj/Info.plist;
				LD_RUNPATH_SEARCH_PATHS = (
					"$(inherited)",
					"@executable_path/Frameworks",
				);
				PRODUCT_BUNDLE_IDENTIFIER = com.zedxpp.PPTestMainProj;
				PRODUCT_NAME = "$(TARGET_NAME)";
				TARGETED_DEVICE_FAMILY = "1,2";
			};
			name = Release;
		};
/* End XCBuildConfiguration section */

/* Begin XCConfigurationList section */
		336C8D86224F5FBE00EC0A06 /* Build configuration list for PBXProject "PPTestMainProj" */ = {
			isa = XCConfigurationList;
			buildConfigurations = (
				336C8D9F224F5FC000EC0A06 /* Debug */,
				336C8DA0224F5FC000EC0A06 /* Release */,
			);
			defaultConfigurationIsVisible = 0;
			defaultConfigurationName = Release;
		};
		336C8DA1224F5FC000EC0A06 /* Build configuration list for PBXNativeTarget "PPTestMainProj" */ = {
			isa = XCConfigurationList;
			buildConfigurations = (
				336C8DA2224F5FC000EC0A06 /* Debug */,
				336C8DA3224F5FC000EC0A06 /* Release */,
			);
			defaultConfigurationIsVisible = 0;
			defaultConfigurationName = Release;
		};
/* End XCConfigurationList section */
	};
	rootObject = 336C8D83224F5FBE00EC0A06 /* Project object */;
}
